// !$*UTF8*$!
{
	archiveVersion = 1;
	classes = {
	};
	objectVersion = 55;
	objects = {

/* Begin PBXBuildFile section */
		BB1750D127E350220089584F /* Constant.swift in Sources */ = {isa = PBXBuildFile; fileRef = BB1750D027E350220089584F /* Constant.swift */; };
		BB1750D627E350FE0089584F /* FooterView.swift in Sources */ = {isa = PBXBuildFile; fileRef = BB1750D527E350FE0089584F /* FooterView.swift */; };
		BB1750D927E354380089584F /* NavigationBarView.swift in Sources */ = {isa = PBXBuildFile; fileRef = BB1750D827E354380089584F /* NavigationBarView.swift */; };
		BB1750DB27E3CE700089584F /* LogoView.swift in Sources */ = {isa = PBXBuildFile; fileRef = BB1750DA27E3CE700089584F /* LogoView.swift */; };
		BB1750DD27E3D66F0089584F /* PlayerModel.swift in Sources */ = {isa = PBXBuildFile; fileRef = BB1750DC27E3D66F0089584F /* PlayerModel.swift */; };
		BB1750DF27E3D6C40089584F /* BundleExtension.swift in Sources */ = {isa = PBXBuildFile; fileRef = BB1750DE27E3D6C40089584F /* BundleExtension.swift */; };
		BB1750E127E3D9260089584F /* SliderView.swift in Sources */ = {isa = PBXBuildFile; fileRef = BB1750E027E3D9260089584F /* SliderView.swift */; };
		BB1750E727E3DBC20089584F /* player.json in Resources */ = {isa = PBXBuildFile; fileRef = BB1750E327E3DBC20089584F /* player.json */; };
		BB1750E827E3DBC20089584F /* brand.json in Resources */ = {isa = PBXBuildFile; fileRef = BB1750E427E3DBC20089584F /* brand.json */; };
		BB1750E927E3DBC20089584F /* product.json in Resources */ = {isa = PBXBuildFile; fileRef = BB1750E527E3DBC20089584F /* product.json */; };
		BB1750EA27E3DBC20089584F /* category.json in Resources */ = {isa = PBXBuildFile; fileRef = BB1750E627E3DBC20089584F /* category.json */; };
		BB1750ED27E3DF4B0089584F /* CategoriesModel.swift in Sources */ = {isa = PBXBuildFile; fileRef = BB1750EC27E3DF4B0089584F /* CategoriesModel.swift */; };
		BB1750EF27E3E7400089584F /* CategoryItemView.swift in Sources */ = {isa = PBXBuildFile; fileRef = BB1750EE27E3E7400089584F /* CategoryItemView.swift */; };
		BB1750F127E3E8A20089584F /* CategoryGridView.swift in Sources */ = {isa = PBXBuildFile; fileRef = BB1750F027E3E8A20089584F /* CategoryGridView.swift */; };
		BB1750F327E3EA7E0089584F /* SectionView.swift in Sources */ = {isa = PBXBuildFile; fileRef = BB1750F227E3EA7E0089584F /* SectionView.swift */; };
		BB1750FA27E3EE500089584F /* TitleView.swift in Sources */ = {isa = PBXBuildFile; fileRef = BB1750F927E3EE500089584F /* TitleView.swift */; };
		BB1750FC27E3EF0C0089584F /* ProductModel.swift in Sources */ = {isa = PBXBuildFile; fileRef = BB1750FB27E3EF0C0089584F /* ProductModel.swift */; };
		BB1750FE27E3EFA70089584F /* ProductItemView.swift in Sources */ = {isa = PBXBuildFile; fileRef = BB1750FD27E3EFA70089584F /* ProductItemView.swift */; };
		BB336C0C27EDEA2E0092633F /* BrandViewItem.swift in Sources */ = {isa = PBXBuildFile; fileRef = BB336C0B27EDEA2E0092633F /* BrandViewItem.swift */; };
		BB336C0E27EDEA650092633F /* BrandsModel.swift in Sources */ = {isa = PBXBuildFile; fileRef = BB336C0D27EDEA650092633F /* BrandsModel.swift */; };
		BB336C1027EDED400092633F /* BrandGridView.swift in Sources */ = {isa = PBXBuildFile; fileRef = BB336C0F27EDED400092633F /* BrandGridView.swift */; };
		BBACA90427E346A900BEEEFF /* TouchdownApp.swift in Sources */ = {isa = PBXBuildFile; fileRef = BBACA90327E346A900BEEEFF /* TouchdownApp.swift */; };
		BBACA90627E346A900BEEEFF /* ContentView.swift in Sources */ = {isa = PBXBuildFile; fileRef = BBACA90527E346A900BEEEFF /* ContentView.swift */; };
		BBACA90827E346A900BEEEFF /* Assets.xcassets in Resources */ = {isa = PBXBuildFile; fileRef = BBACA90727E346A900BEEEFF /* Assets.xcassets */; };
		BBACA90B27E346A900BEEEFF /* Preview Assets.xcassets in Resources */ = {isa = PBXBuildFile; fileRef = BBACA90A27E346A900BEEEFF /* Preview Assets.xcassets */; };
		BBBCB16A27F0AEEA0045D499 /* ProductDetailView.swift in Sources */ = {isa = PBXBuildFile; fileRef = BBBCB16927F0AEEA0045D499 /* ProductDetailView.swift */; };
		BBBCB16D27F0B0C40045D499 /* NavigationBarDetailView.swift in Sources */ = {isa = PBXBuildFile; fileRef = BBBCB16C27F0B0C40045D499 /* NavigationBarDetailView.swift */; };
		BBBCB17027F0B2C50045D499 /* HeaderDetailView.swift in Sources */ = {isa = PBXBuildFile; fileRef = BBBCB16F27F0B2C50045D499 /* HeaderDetailView.swift */; };
		BBBCB17327F0B5530045D499 /* HeaderItemDetailView.swift in Sources */ = {isa = PBXBuildFile; fileRef = BBBCB17227F0B5530045D499 /* HeaderItemDetailView.swift */; };
		BBBCB17527F0BC0E0045D499 /* CustomShape.swift in Sources */ = {isa = PBXBuildFile; fileRef = BBBCB17427F0BC0E0045D499 /* CustomShape.swift */; };
		BBBCB17827F0BF280045D499 /* RatingsDetailView.swift in Sources */ = {isa = PBXBuildFile; fileRef = BBBCB17727F0BF280045D499 /* RatingsDetailView.swift */; };
		BBBCB17B27F0C8690045D499 /* QuantityDetailView.swift in Sources */ = {isa = PBXBuildFile; fileRef = BBBCB17A27F0C8690045D499 /* QuantityDetailView.swift */; };
		BBBCB17E27F0CBF40045D499 /* AddCartDetailView.swift in Sources */ = {isa = PBXBuildFile; fileRef = BBBCB17D27F0CBF40045D499 /* AddCartDetailView.swift */; };
		BBD8941F27F0E77D0014C2AC /* Shop.swift in Sources */ = {isa = PBXBuildFile; fileRef = BBD8941E27F0E77D0014C2AC /* Shop.swift */; };
/* End PBXBuildFile section */

/* Begin PBXFileReference section */
		BB1750D027E350220089584F /* Constant.swift */ = {isa = PBXFileReference; lastKnownFileType = sourcecode.swift; path = Constant.swift; sourceTree = "<group>"; };
		BB1750D527E350FE0089584F /* FooterView.swift */ = {isa = PBXFileReference; lastKnownFileType = sourcecode.swift; path = FooterView.swift; sourceTree = "<group>"; };
		BB1750D827E354380089584F /* NavigationBarView.swift */ = {isa = PBXFileReference; lastKnownFileType = sourcecode.swift; path = NavigationBarView.swift; sourceTree = "<group>"; };
		BB1750DA27E3CE700089584F /* LogoView.swift */ = {isa = PBXFileReference; lastKnownFileType = sourcecode.swift; path = LogoView.swift; sourceTree = "<group>"; };
		BB1750DC27E3D66F0089584F /* PlayerModel.swift */ = {isa = PBXFileReference; lastKnownFileType = sourcecode.swift; path = PlayerModel.swift; sourceTree = "<group>"; };
		BB1750DE27E3D6C40089584F /* BundleExtension.swift */ = {isa = PBXFileReference; lastKnownFileType = sourcecode.swift; path = BundleExtension.swift; sourceTree = "<group>"; };
		BB1750E027E3D9260089584F /* SliderView.swift */ = {isa = PBXFileReference; lastKnownFileType = sourcecode.swift; path = SliderView.swift; sourceTree = "<group>"; };
		BB1750E327E3DBC20089584F /* player.json */ = {isa = PBXFileReference; fileEncoding = 4; lastKnownFileType = text.json; path = player.json; sourceTree = "<group>"; };
		BB1750E427E3DBC20089584F /* brand.json */ = {isa = PBXFileReference; fileEncoding = 4; lastKnownFileType = text.json; path = brand.json; sourceTree = "<group>"; };
		BB1750E527E3DBC20089584F /* product.json */ = {isa = PBXFileReference; fileEncoding = 4; lastKnownFileType = text.json; path = product.json; sourceTree = "<group>"; };
		BB1750E627E3DBC20089584F /* category.json */ = {isa = PBXFileReference; fileEncoding = 4; lastKnownFileType = text.json; path = category.json; sourceTree = "<group>"; };
		BB1750EC27E3DF4B0089584F /* CategoriesModel.swift */ = {isa = PBXFileReference; lastKnownFileType = sourcecode.swift; path = CategoriesModel.swift; sourceTree = "<group>"; };
		BB1750EE27E3E7400089584F /* CategoryItemView.swift */ = {isa = PBXFileReference; lastKnownFileType = sourcecode.swift; path = CategoryItemView.swift; sourceTree = "<group>"; };
		BB1750F027E3E8A20089584F /* CategoryGridView.swift */ = {isa = PBXFileReference; lastKnownFileType = sourcecode.swift; path = CategoryGridView.swift; sourceTree = "<group>"; };
		BB1750F227E3EA7E0089584F /* SectionView.swift */ = {isa = PBXFileReference; lastKnownFileType = sourcecode.swift; path = SectionView.swift; sourceTree = "<group>"; };
		BB1750F927E3EE500089584F /* TitleView.swift */ = {isa = PBXFileReference; lastKnownFileType = sourcecode.swift; path = TitleView.swift; sourceTree = "<group>"; };
		BB1750FB27E3EF0C0089584F /* ProductModel.swift */ = {isa = PBXFileReference; lastKnownFileType = sourcecode.swift; path = ProductModel.swift; sourceTree = "<group>"; };
		BB1750FD27E3EFA70089584F /* ProductItemView.swift */ = {isa = PBXFileReference; lastKnownFileType = sourcecode.swift; path = ProductItemView.swift; sourceTree = "<group>"; };
		BB336C0B27EDEA2E0092633F /* BrandViewItem.swift */ = {isa = PBXFileReference; lastKnownFileType = sourcecode.swift; path = BrandViewItem.swift; sourceTree = "<group>"; };
		BB336C0D27EDEA650092633F /* BrandsModel.swift */ = {isa = PBXFileReference; lastKnownFileType = sourcecode.swift; path = BrandsModel.swift; sourceTree = "<group>"; };
		BB336C0F27EDED400092633F /* BrandGridView.swift */ = {isa = PBXFileReference; lastKnownFileType = sourcecode.swift; path = BrandGridView.swift; sourceTree = "<group>"; };
		BBACA90027E346A900BEEEFF /* Touchdown.app */ = {isa = PBXFileReference; explicitFileType = wrapper.application; includeInIndex = 0; path = Touchdown.app; sourceTree = BUILT_PRODUCTS_DIR; };
		BBACA90327E346A900BEEEFF /* TouchdownApp.swift */ = {isa = PBXFileReference; lastKnownFileType = sourcecode.swift; path = TouchdownApp.swift; sourceTree = "<group>"; };
		BBACA90527E346A900BEEEFF /* ContentView.swift */ = {isa = PBXFileReference; lastKnownFileType = sourcecode.swift; path = ContentView.swift; sourceTree = "<group>"; };
		BBACA90727E346A900BEEEFF /* Assets.xcassets */ = {isa = PBXFileReference; lastKnownFileType = folder.assetcatalog; path = Assets.xcassets; sourceTree = "<group>"; };
		BBACA90A27E346A900BEEEFF /* Preview Assets.xcassets */ = {isa = PBXFileReference; lastKnownFileType = folder.assetcatalog; path = "Preview Assets.xcassets"; sourceTree = "<group>"; };
		BBACA91327E3481600BEEEFF /* Info.plist */ = {isa = PBXFileReference; lastKnownFileType = text.plist; path = Info.plist; sourceTree = "<group>"; };
		BBBCB16927F0AEEA0045D499 /* ProductDetailView.swift */ = {isa = PBXFileReference; lastKnownFileType = sourcecode.swift; path = ProductDetailView.swift; sourceTree = "<group>"; };
		BBBCB16C27F0B0C40045D499 /* NavigationBarDetailView.swift */ = {isa = PBXFileReference; lastKnownFileType = sourcecode.swift; path = NavigationBarDetailView.swift; sourceTree = "<group>"; };
		BBBCB16F27F0B2C50045D499 /* HeaderDetailView.swift */ = {isa = PBXFileReference; lastKnownFileType = sourcecode.swift; path = HeaderDetailView.swift; sourceTree = "<group>"; };
		BBBCB17227F0B5530045D499 /* HeaderItemDetailView.swift */ = {isa = PBXFileReference; lastKnownFileType = sourcecode.swift; path = HeaderItemDetailView.swift; sourceTree = "<group>"; };
		BBBCB17427F0BC0E0045D499 /* CustomShape.swift */ = {isa = PBXFileReference; lastKnownFileType = sourcecode.swift; path = CustomShape.swift; sourceTree = "<group>"; };
		BBBCB17727F0BF280045D499 /* RatingsDetailView.swift */ = {isa = PBXFileReference; lastKnownFileType = sourcecode.swift; path = RatingsDetailView.swift; sourceTree = "<group>"; };
		BBBCB17A27F0C8690045D499 /* QuantityDetailView.swift */ = {isa = PBXFileReference; lastKnownFileType = sourcecode.swift; path = QuantityDetailView.swift; sourceTree = "<group>"; };
		BBBCB17D27F0CBF40045D499 /* AddCartDetailView.swift */ = {isa = PBXFileReference; lastKnownFileType = sourcecode.swift; path = AddCartDetailView.swift; sourceTree = "<group>"; };
		BBD8941E27F0E77D0014C2AC /* Shop.swift */ = {isa = PBXFileReference; lastKnownFileType = sourcecode.swift; path = Shop.swift; sourceTree = "<group>"; };
/* End PBXFileReference section */

/* Begin PBXFrameworksBuildPhase section */
		BBACA8FD27E346A900BEEEFF /* Frameworks */ = {
			isa = PBXFrameworksBuildPhase;
			buildActionMask = 2147483647;
			files = (
			);
			runOnlyForDeploymentPostprocessing = 0;
		};
/* End PBXFrameworksBuildPhase section */

/* Begin PBXGroup section */
		BB1750CC27E34FB20089584F /* Utility */ = {
			isa = PBXGroup;
			children = (
				BB1750D027E350220089584F /* Constant.swift */,
				BBBCB17427F0BC0E0045D499 /* CustomShape.swift */,
			);
			path = Utility;
			sourceTree = "<group>";
		};
		BB1750CD27E34FCB0089584F /* Extension */ = {
			isa = PBXGroup;
			children = (
				BB1750DE27E3D6C40089584F /* BundleExtension.swift */,
			);
			path = Extension;
			sourceTree = "<group>";
		};
		BB1750CF27E34FE90089584F /* Model */ = {
			isa = PBXGroup;
			children = (
				BB1750DC27E3D66F0089584F /* PlayerModel.swift */,
				BB1750EC27E3DF4B0089584F /* CategoriesModel.swift */,
				BB1750FB27E3EF0C0089584F /* ProductModel.swift */,
				BB336C0D27EDEA650092633F /* BrandsModel.swift */,
			);
			path = Model;
			sourceTree = "<group>";
		};
		BB1750D227E350CD0089584F /* View */ = {
			isa = PBXGroup;
			children = (
				BB1750D427E350D90089584F /* DetailView */,
				BB1750D327E350D40089584F /* Home */,
			);
			path = View;
			sourceTree = "<group>";
		};
		BB1750D327E350D40089584F /* Home */ = {
			isa = PBXGroup;
			children = (
				BB1750D727E354260089584F /* SubViews */,
			);
			path = Home;
			sourceTree = "<group>";
		};
		BB1750D427E350D90089584F /* DetailView */ = {
			isa = PBXGroup;
			children = (
				BBBCB17C27F0CBDF0045D499 /* AddToCart */,
				BBBCB17927F0C85A0045D499 /* Quantity */,
				BBBCB17627F0BF1B0045D499 /* Ratings */,
				BBBCB16E27F0B2B80045D499 /* Header */,
				BBBCB16B27F0B0A60045D499 /* NavigationBar */,
			);
			path = DetailView;
			sourceTree = "<group>";
		};
		BB1750D727E354260089584F /* SubViews */ = {
			isa = PBXGroup;
			children = (
				BB336C0A27EDEA1B0092633F /* BrandView */,
				BB1750F827E3EE3B0089584F /* ProductView */,
				BB1750F727E3ECEC0089584F /* FooterView */,
				BB1750F527E3ECD30089584F /* NavigationBarView */,
				BB1750F627E3ECE40089584F /* SliderView */,
				BB1750F427E3ECB70089584F /* CategoriesView */,
			);
			path = SubViews;
			sourceTree = "<group>";
		};
		BB1750E227E3DBA70089584F /* Data */ = {
			isa = PBXGroup;
			children = (
				BB1750E427E3DBC20089584F /* brand.json */,
				BB1750E627E3DBC20089584F /* category.json */,
				BB1750E327E3DBC20089584F /* player.json */,
				BB1750E527E3DBC20089584F /* product.json */,
			);
			path = Data;
			sourceTree = "<group>";
		};
		BB1750F427E3ECB70089584F /* CategoriesView */ = {
			isa = PBXGroup;
			children = (
				BB1750EE27E3E7400089584F /* CategoryItemView.swift */,
				BB1750F027E3E8A20089584F /* CategoryGridView.swift */,
				BB1750F227E3EA7E0089584F /* SectionView.swift */,
			);
			path = CategoriesView;
			sourceTree = "<group>";
		};
		BB1750F527E3ECD30089584F /* NavigationBarView */ = {
			isa = PBXGroup;
			children = (
				BB1750D827E354380089584F /* NavigationBarView.swift */,
				BB1750DA27E3CE700089584F /* LogoView.swift */,
			);
			path = NavigationBarView;
			sourceTree = "<group>";
		};
		BB1750F627E3ECE40089584F /* SliderView */ = {
			isa = PBXGroup;
			children = (
				BB1750E027E3D9260089584F /* SliderView.swift */,
			);
			path = SliderView;
			sourceTree = "<group>";
		};
		BB1750F727E3ECEC0089584F /* FooterView */ = {
			isa = PBXGroup;
			children = (
				BB1750D527E350FE0089584F /* FooterView.swift */,
			);
			path = FooterView;
			sourceTree = "<group>";
		};
		BB1750F827E3EE3B0089584F /* ProductView */ = {
			isa = PBXGroup;
			children = (
				BB1750F927E3EE500089584F /* TitleView.swift */,
				BB1750FD27E3EFA70089584F /* ProductItemView.swift */,
			);
			path = ProductView;
			sourceTree = "<group>";
		};
		BB336C0A27EDEA1B0092633F /* BrandView */ = {
			isa = PBXGroup;
			children = (
				BB336C0B27EDEA2E0092633F /* BrandViewItem.swift */,
				BB336C0F27EDED400092633F /* BrandGridView.swift */,
			);
			path = BrandView;
			sourceTree = "<group>";
		};
		BBACA8F727E346A900BEEEFF = {
			isa = PBXGroup;
			children = (
				BBACA90227E346A900BEEEFF /* Touchdown */,
				BBACA90127E346A900BEEEFF /* Products */,
			);
			sourceTree = "<group>";
		};
		BBACA90127E346A900BEEEFF /* Products */ = {
			isa = PBXGroup;
			children = (
				BBACA90027E346A900BEEEFF /* Touchdown.app */,
			);
			name = Products;
			sourceTree = "<group>";
		};
		BBACA90227E346A900BEEEFF /* Touchdown */ = {
			isa = PBXGroup;
			children = (
				BBD8941B27F0E7520014C2AC /* Entity */,
				BB1750E227E3DBA70089584F /* Data */,
				BB1750D227E350CD0089584F /* View */,
				BBACA91327E3481600BEEEFF /* Info.plist */,
				BB1750CF27E34FE90089584F /* Model */,
				BB1750CD27E34FCB0089584F /* Extension */,
				BB1750CC27E34FB20089584F /* Utility */,
				BBC1AE8827E34A3C00122C5F /* App */,
				BBACA90727E346A900BEEEFF /* Assets.xcassets */,
				BBACA90927E346A900BEEEFF /* Preview Content */,
			);
			path = Touchdown;
			sourceTree = "<group>";
		};
		BBACA90927E346A900BEEEFF /* Preview Content */ = {
			isa = PBXGroup;
			children = (
				BBACA90A27E346A900BEEEFF /* Preview Assets.xcassets */,
			);
			path = "Preview Content";
			sourceTree = "<group>";
		};
		BBBCB16B27F0B0A60045D499 /* NavigationBar */ = {
			isa = PBXGroup;
			children = (
				BBBCB16C27F0B0C40045D499 /* NavigationBarDetailView.swift */,
			);
			path = NavigationBar;
			sourceTree = "<group>";
		};
		BBBCB16E27F0B2B80045D499 /* Header */ = {
			isa = PBXGroup;
			children = (
				BBBCB16F27F0B2C50045D499 /* HeaderDetailView.swift */,
				BBBCB17227F0B5530045D499 /* HeaderItemDetailView.swift */,
			);
			path = Header;
			sourceTree = "<group>";
		};
		BBBCB17627F0BF1B0045D499 /* Ratings */ = {
			isa = PBXGroup;
			children = (
				BBBCB17727F0BF280045D499 /* RatingsDetailView.swift */,
			);
			path = Ratings;
			sourceTree = "<group>";
		};
		BBBCB17927F0C85A0045D499 /* Quantity */ = {
			isa = PBXGroup;
			children = (
				BBBCB17A27F0C8690045D499 /* QuantityDetailView.swift */,
			);
			path = Quantity;
			sourceTree = "<group>";
		};
		BBBCB17C27F0CBDF0045D499 /* AddToCart */ = {
			isa = PBXGroup;
			children = (
				BBBCB17D27F0CBF40045D499 /* AddCartDetailView.swift */,
			);
			path = AddToCart;
			sourceTree = "<group>";
		};
		BBC1AE8827E34A3C00122C5F /* App */ = {
			isa = PBXGroup;
			children = (
				BBACA90327E346A900BEEEFF /* TouchdownApp.swift */,
				BBACA90527E346A900BEEEFF /* ContentView.swift */,
				BBBCB16927F0AEEA0045D499 /* ProductDetailView.swift */,
			);
			path = App;
			sourceTree = "<group>";
		};
		BBD8941B27F0E7520014C2AC /* Entity */ = {
			isa = PBXGroup;
			children = (
				BBD8941E27F0E77D0014C2AC /* Shop.swift */,
			);
			path = Entity;
			sourceTree = "<group>";
		};
/* End PBXGroup section */

/* Begin PBXNativeTarget section */
		BBACA8FF27E346A900BEEEFF /* Touchdown */ = {
			isa = PBXNativeTarget;
			buildConfigurationList = BBACA90E27E346A900BEEEFF /* Build configuration list for PBXNativeTarget "Touchdown" */;
			buildPhases = (
				BBACA8FC27E346A900BEEEFF /* Sources */,
				BBACA8FD27E346A900BEEEFF /* Frameworks */,
				BBACA8FE27E346A900BEEEFF /* Resources */,
			);
			buildRules = (
			);
			dependencies = (
			);
			name = Touchdown;
			productName = Touchdown;
			productReference = BBACA90027E346A900BEEEFF /* Touchdown.app */;
			productType = "com.apple.product-type.application";
		};
/* End PBXNativeTarget section */

/* Begin PBXProject section */
		BBACA8F827E346A900BEEEFF /* Project object */ = {
			isa = PBXProject;
			attributes = {
				BuildIndependentTargetsInParallel = 1;
				LastSwiftUpdateCheck = 1300;
				LastUpgradeCheck = 1300;
				TargetAttributes = {
					BBACA8FF27E346A900BEEEFF = {
						CreatedOnToolsVersion = 13.0;
					};
				};
			};
			buildConfigurationList = BBACA8FB27E346A900BEEEFF /* Build configuration list for PBXProject "Touchdown" */;
			compatibilityVersion = "Xcode 13.0";
			developmentRegion = en;
			hasScannedForEncodings = 0;
			knownRegions = (
				en,
				Base,
			);
			mainGroup = BBACA8F727E346A900BEEEFF;
			productRefGroup = BBACA90127E346A900BEEEFF /* Products */;
			projectDirPath = "";
			projectRoot = "";
			targets = (
				BBACA8FF27E346A900BEEEFF /* Touchdown */,
			);
		};
/* End PBXProject section */

/* Begin PBXResourcesBuildPhase section */
		BBACA8FE27E346A900BEEEFF /* Resources */ = {
			isa = PBXResourcesBuildPhase;
			buildActionMask = 2147483647;
			files = (
				BB1750E727E3DBC20089584F /* player.json in Resources */,
				BB1750E827E3DBC20089584F /* brand.json in Resources */,
				BBACA90B27E346A900BEEEFF /* Preview Assets.xcassets in Resources */,
				BB1750EA27E3DBC20089584F /* category.json in Resources */,
				BBACA90827E346A900BEEEFF /* Assets.xcassets in Resources */,
				BB1750E927E3DBC20089584F /* product.json in Resources */,
			);
			runOnlyForDeploymentPostprocessing = 0;
		};
/* End PBXResourcesBuildPhase section */

/* Begin PBXSourcesBuildPhase section */
		BBACA8FC27E346A900BEEEFF /* Sources */ = {
			isa = PBXSourcesBuildPhase;
			buildActionMask = 2147483647;
			files = (
				BB1750F127E3E8A20089584F /* CategoryGridView.swift in Sources */,
				BBBCB16A27F0AEEA0045D499 /* ProductDetailView.swift in Sources */,
				BBACA90627E346A900BEEEFF /* ContentView.swift in Sources */,
				BBBCB17327F0B5530045D499 /* HeaderItemDetailView.swift in Sources */,
				BB1750DB27E3CE700089584F /* LogoView.swift in Sources */,
				BB1750FA27E3EE500089584F /* TitleView.swift in Sources */,
				BB1750FC27E3EF0C0089584F /* ProductModel.swift in Sources */,
				BB1750D627E350FE0089584F /* FooterView.swift in Sources */,
				BBBCB17E27F0CBF40045D499 /* AddCartDetailView.swift in Sources */,
				BBBCB17527F0BC0E0045D499 /* CustomShape.swift in Sources */,
				BB1750E127E3D9260089584F /* SliderView.swift in Sources */,
				BBD8941F27F0E77D0014C2AC /* Shop.swift in Sources */,
				BB336C0E27EDEA650092633F /* BrandsModel.swift in Sources */,
				BBACA90427E346A900BEEEFF /* TouchdownApp.swift in Sources */,
				BB336C1027EDED400092633F /* BrandGridView.swift in Sources */,
				BB1750ED27E3DF4B0089584F /* CategoriesModel.swift in Sources */,
				BB1750D127E350220089584F /* Constant.swift in Sources */,
				BB1750F327E3EA7E0089584F /* SectionView.swift in Sources */,
				BB1750FE27E3EFA70089584F /* ProductItemView.swift in Sources */,
				BB1750D927E354380089584F /* NavigationBarView.swift in Sources */,
				BBBCB17027F0B2C50045D499 /* HeaderDetailView.swift in Sources */,
				BBBCB17827F0BF280045D499 /* RatingsDetailView.swift in Sources */,
				BB1750DD27E3D66F0089584F /* PlayerModel.swift in Sources */,
				BB1750EF27E3E7400089584F /* CategoryItemView.swift in Sources */,
				BBBCB17B27F0C8690045D499 /* QuantityDetailView.swift in Sources */,
				BBBCB16D27F0B0C40045D499 /* NavigationBarDetailView.swift in Sources */,
				BB1750DF27E3D6C40089584F /* BundleExtension.swift in Sources */,
				BB336C0C27EDEA2E0092633F /* BrandViewItem.swift in Sources */,
			);
			runOnlyForDeploymentPostprocessing = 0;
		};
/* End PBXSourcesBuildPhase section */

/* Begin XCBuildConfiguration section */
		BBACA90C27E346A900BEEEFF /* Debug */ = {
			isa = XCBuildConfiguration;
			buildSettings = {
				ALWAYS_SEARCH_USER_PATHS = NO;
				CLANG_ANALYZER_NONNULL = YES;
				CLANG_ANALYZER_NUMBER_OBJECT_CONVERSION = YES_AGGRESSIVE;
				CLANG_CXX_LANGUAGE_STANDARD = "gnu++17";
				CLANG_CXX_LIBRARY = "libc++";
				CLANG_ENABLE_MODULES = YES;
				CLANG_ENABLE_OBJC_ARC = YES;
				CLANG_ENABLE_OBJC_WEAK = YES;
				CLANG_WARN_BLOCK_CAPTURE_AUTORELEASING = YES;
				CLANG_WARN_BOOL_CONVERSION = YES;
				CLANG_WARN_COMMA = YES;
				CLANG_WARN_CONSTANT_CONVERSION = YES;
				CLANG_WARN_DEPRECATED_OBJC_IMPLEMENTATIONS = YES;
				CLANG_WARN_DIRECT_OBJC_ISA_USAGE = YES_ERROR;
				CLANG_WARN_DOCUMENTATION_COMMENTS = YES;
				CLANG_WARN_EMPTY_BODY = YES;
				CLANG_WARN_ENUM_CONVERSION = YES;
				CLANG_WARN_INFINITE_RECURSION = YES;
				CLANG_WARN_INT_CONVERSION = YES;
				CLANG_WARN_NON_LITERAL_NULL_CONVERSION = YES;
				CLANG_WARN_OBJC_IMPLICIT_RETAIN_SELF = YES;
				CLANG_WARN_OBJC_LITERAL_CONVERSION = YES;
				CLANG_WARN_OBJC_ROOT_CLASS = YES_ERROR;
				CLANG_WARN_QUOTED_INCLUDE_IN_FRAMEWORK_HEADER = YES;
				CLANG_WARN_RANGE_LOOP_ANALYSIS = YES;
				CLANG_WARN_STRICT_PROTOTYPES = YES;
				CLANG_WARN_SUSPICIOUS_MOVE = YES;
				CLANG_WARN_UNGUARDED_AVAILABILITY = YES_AGGRESSIVE;
				CLANG_WARN_UNREACHABLE_CODE = YES;
				CLANG_WARN__DUPLICATE_METHOD_MATCH = YES;
				COPY_PHASE_STRIP = NO;
				DEBUG_INFORMATION_FORMAT = dwarf;
				ENABLE_STRICT_OBJC_MSGSEND = YES;
				ENABLE_TESTABILITY = YES;
				GCC_C_LANGUAGE_STANDARD = gnu11;
				GCC_DYNAMIC_NO_PIC = NO;
				GCC_NO_COMMON_BLOCKS = YES;
				GCC_OPTIMIZATION_LEVEL = 0;
				GCC_PREPROCESSOR_DEFINITIONS = (
					"DEBUG=1",
					"$(inherited)",
				);
				GCC_WARN_64_TO_32_BIT_CONVERSION = YES;
				GCC_WARN_ABOUT_RETURN_TYPE = YES_ERROR;
				GCC_WARN_UNDECLARED_SELECTOR = YES;
				GCC_WARN_UNINITIALIZED_AUTOS = YES_AGGRESSIVE;
				GCC_WARN_UNUSED_FUNCTION = YES;
				GCC_WARN_UNUSED_VARIABLE = YES;
				IPHONEOS_DEPLOYMENT_TARGET = 15.0;
				MTL_ENABLE_DEBUG_INFO = INCLUDE_SOURCE;
				MTL_FAST_MATH = YES;
				ONLY_ACTIVE_ARCH = YES;
				SDKROOT = iphoneos;
				SWIFT_ACTIVE_COMPILATION_CONDITIONS = DEBUG;
				SWIFT_OPTIMIZATION_LEVEL = "-Onone";
			};
			name = Debug;
		};
		BBACA90D27E346A900BEEEFF /* Release */ = {
			isa = XCBuildConfiguration;
			buildSettings = {
				ALWAYS_SEARCH_USER_PATHS = NO;
				CLANG_ANALYZER_NONNULL = YES;
				CLANG_ANALYZER_NUMBER_OBJECT_CONVERSION = YES_AGGRESSIVE;
				CLANG_CXX_LANGUAGE_STANDARD = "gnu++17";
				CLANG_CXX_LIBRARY = "libc++";
				CLANG_ENABLE_MODULES = YES;
				CLANG_ENABLE_OBJC_ARC = YES;
				CLANG_ENABLE_OBJC_WEAK = YES;
				CLANG_WARN_BLOCK_CAPTURE_AUTORELEASING = YES;
				CLANG_WARN_BOOL_CONVERSION = YES;
				CLANG_WARN_COMMA = YES;
				CLANG_WARN_CONSTANT_CONVERSION = YES;
				CLANG_WARN_DEPRECATED_OBJC_IMPLEMENTATIONS = YES;
				CLANG_WARN_DIRECT_OBJC_ISA_USAGE = YES_ERROR;
				CLANG_WARN_DOCUMENTATION_COMMENTS = YES;
				CLANG_WARN_EMPTY_BODY = YES;
				CLANG_WARN_ENUM_CONVERSION = YES;
				CLANG_WARN_INFINITE_RECURSION = YES;
				CLANG_WARN_INT_CONVERSION = YES;
				CLANG_WARN_NON_LITERAL_NULL_CONVERSION = YES;
				CLANG_WARN_OBJC_IMPLICIT_RETAIN_SELF = YES;
				CLANG_WARN_OBJC_LITERAL_CONVERSION = YES;
				CLANG_WARN_OBJC_ROOT_CLASS = YES_ERROR;
				CLANG_WARN_QUOTED_INCLUDE_IN_FRAMEWORK_HEADER = YES;
				CLANG_WARN_RANGE_LOOP_ANALYSIS = YES;
				CLANG_WARN_STRICT_PROTOTYPES = YES;
				CLANG_WARN_SUSPICIOUS_MOVE = YES;
				CLANG_WARN_UNGUARDED_AVAILABILITY = YES_AGGRESSIVE;
				CLANG_WARN_UNREACHABLE_CODE = YES;
				CLANG_WARN__DUPLICATE_METHOD_MATCH = YES;
				COPY_PHASE_STRIP = NO;
				DEBUG_INFORMATION_FORMAT = "dwarf-with-dsym";
				ENABLE_NS_ASSERTIONS = NO;
				ENABLE_STRICT_OBJC_MSGSEND = YES;
				GCC_C_LANGUAGE_STANDARD = gnu11;
				GCC_NO_COMMON_BLOCKS = YES;
				GCC_WARN_64_TO_32_BIT_CONVERSION = YES;
				GCC_WARN_ABOUT_RETURN_TYPE = YES_ERROR;
				GCC_WARN_UNDECLARED_SELECTOR = YES;
				GCC_WARN_UNINITIALIZED_AUTOS = YES_AGGRESSIVE;
				GCC_WARN_UNUSED_FUNCTION = YES;
				GCC_WARN_UNUSED_VARIABLE = YES;
				IPHONEOS_DEPLOYMENT_TARGET = 15.0;
				MTL_ENABLE_DEBUG_INFO = NO;
				MTL_FAST_MATH = YES;
				SDKROOT = iphoneos;
				SWIFT_COMPILATION_MODE = wholemodule;
				SWIFT_OPTIMIZATION_LEVEL = "-O";
				VALIDATE_PRODUCT = YES;
			};
			name = Release;
		};
		BBACA90F27E346A900BEEEFF /* Debug */ = {
			isa = XCBuildConfiguration;
			buildSettings = {
				ASSETCATALOG_COMPILER_APPICON_NAME = AppIcon;
				ASSETCATALOG_COMPILER_GLOBAL_ACCENT_COLOR_NAME = AccentColor;
				CODE_SIGN_STYLE = Automatic;
				CURRENT_PROJECT_VERSION = 1;
				DEVELOPMENT_ASSET_PATHS = "\"Touchdown/Preview Content\"";
				DEVELOPMENT_TEAM = EYSRG3T5ZC;
				ENABLE_PREVIEWS = YES;
				GENERATE_INFOPLIST_FILE = YES;
				INFOPLIST_FILE = Touchdown/Info.plist;
				INFOPLIST_KEY_UIApplicationSceneManifest_Generation = YES;
				INFOPLIST_KEY_UIApplicationSupportsIndirectInputEvents = YES;
				INFOPLIST_KEY_UISupportedInterfaceOrientations = UIInterfaceOrientationPortrait;
				INFOPLIST_KEY_UISupportedInterfaceOrientations_iPad = "UIInterfaceOrientationPortrait UIInterfaceOrientationPortraitUpsideDown UIInterfaceOrientationLandscapeLeft UIInterfaceOrientationLandscapeRight";
				INFOPLIST_KEY_UISupportedInterfaceOrientations_iPhone = "UIInterfaceOrientationPortrait UIInterfaceOrientationLandscapeLeft UIInterfaceOrientationLandscapeRight";
				INFOPLIST_KEY_UIUserInterfaceStyle = Light;
				IPHONEOS_DEPLOYMENT_TARGET = 15.0;
				LD_RUNPATH_SEARCH_PATHS = (
					"$(inherited)",
					"@executable_path/Frameworks",
				);
				MARKETING_VERSION = 1.0;
				PRODUCT_BUNDLE_IDENTIFIER = com.hamza.touchdown.Touchdown;
				PRODUCT_NAME = "$(TARGET_NAME)";
				SWIFT_EMIT_LOC_STRINGS = YES;
				SWIFT_VERSION = 5.0;
				TARGETED_DEVICE_FAMILY = "1,2";
			};
			name = Debug;
		};
		BBACA91027E346A900BEEEFF /* Release */ = {
			isa = XCBuildConfiguration;
			buildSettings = {
				ASSETCATALOG_COMPILER_APPICON_NAME = AppIcon;
				ASSETCATALOG_COMPILER_GLOBAL_ACCENT_COLOR_NAME = AccentColor;
				CODE_SIGN_STYLE = Automatic;
				CURRENT_PROJECT_VERSION = 1;
				DEVELOPMENT_ASSET_PATHS = "\"Touchdown/Preview Content\"";
				DEVELOPMENT_TEAM = EYSRG3T5ZC;
				ENABLE_PREVIEWS = YES;
				GENERATE_INFOPLIST_FILE = YES;
				INFOPLIST_FILE = Touchdown/Info.plist;
				INFOPLIST_KEY_UIApplicationSceneManifest_Generation = YES;
				INFOPLIST_KEY_UIApplicationSupportsIndirectInputEvents = YES;
				INFOPLIST_KEY_UISupportedInterfaceOrientations = UIInterfaceOrientationPortrait;
				INFOPLIST_KEY_UISupportedInterfaceOrientations_iPad = "UIInterfaceOrientationPortrait UIInterfaceOrientationPortraitUpsideDown UIInterfaceOrientationLandscapeLeft UIInterfaceOrientationLandscapeRight";
				INFOPLIST_KEY_UISupportedInterfaceOrientations_iPhone = "UIInterfaceOrientationPortrait UIInterfaceOrientationLandscapeLeft UIInterfaceOrientationLandscapeRight";
				INFOPLIST_KEY_UIUserInterfaceStyle = Light;
				IPHONEOS_DEPLOYMENT_TARGET = 15.0;
				LD_RUNPATH_SEARCH_PATHS = (
					"$(inherited)",
					"@executable_path/Frameworks",
				);
				MARKETING_VERSION = 1.0;
				PRODUCT_BUNDLE_IDENTIFIER = com.hamza.touchdown.Touchdown;
				PRODUCT_NAME = "$(TARGET_NAME)";
				SWIFT_EMIT_LOC_STRINGS = YES;
				SWIFT_VERSION = 5.0;
				TARGETED_DEVICE_FAMILY = "1,2";
			};
			name = Release;
		};
/* End XCBuildConfiguration section */

/* Begin XCConfigurationList section */
		BBACA8FB27E346A900BEEEFF /* Build configuration list for PBXProject "Touchdown" */ = {
			isa = XCConfigurationList;
			buildConfigurations = (
				BBACA90C27E346A900BEEEFF /* Debug */,
				BBACA90D27E346A900BEEEFF /* Release */,
			);
			defaultConfigurationIsVisible = 0;
			defaultConfigurationName = Release;
		};
		BBACA90E27E346A900BEEEFF /* Build configuration list for PBXNativeTarget "Touchdown" */ = {
			isa = XCConfigurationList;
			buildConfigurations = (
				BBACA90F27E346A900BEEEFF /* Debug */,
				BBACA91027E346A900BEEEFF /* Release */,
			);
			defaultConfigurationIsVisible = 0;
			defaultConfigurationName = Release;
		};
/* End XCConfigurationList section */
	};
	rootObject = BBACA8F827E346A900BEEEFF /* Project object */;
}
